
Microsoft Visual Studio Solution File, Format Version 12.00
# Visual Studio 2013
VisualStudioVersion = 12.0.31101.0
MinimumVisualStudioVersion = 10.0.40219.1
Project("{FAE04EC0-301F-11D3-BF4B-00C04F79EFBC}") = "FlowswitchApplication", "FlowswitchApplication\FlowswitchApplication.csproj", "{48FD27A7-3614-4E41-B255-874DD41B702B}"
EndProject
Project("{2150E333-8FDC-42A3-9474-1A3956D46DE8}") = ".nuget", ".nuget", "{0105FC74-429C-4480-ABE9-50DE2A68365D}"
	ProjectSection(SolutionItems) = preProject
		.nuget\packages.config = .nuget\packages.config
	EndProjectSection
EndProject
Global
	GlobalSection(TeamFoundationVersionControl) = preSolution
		SccNumberOfProjects = 2
		SccEnterpriseProvider = {4CA58AB2-18FA-4F8D-95D4-32DDF27D184C}
		SccTeamFoundationServer = https://marcus844.visualstudio.com/defaultcollection
		SccLocalPath0 = .
		SccProjectUniqueName1 = FlowswitchApplication\\FlowswitchApplication.csproj
		SccProjectName1 = FlowswitchApplication
		SccLocalPath1 = FlowswitchApplication
	EndGlobalSection
	GlobalSection(SolutionConfigurationPlatforms) = preSolution
		Debug|Any CPU = Debug|Any CPU
		Release|Any CPU = Release|Any CPU
	EndGlobalSection
	GlobalSection(ProjectConfigurationPlatforms) = postSolution
		{48FD27A7-3614-4E41-B255-874DD41B702B}.Debug|Any CPU.ActiveCfg = Debug|Any CPU
		{48FD27A7-3614-4E41-B255-874DD41B702B}.Debug|Any CPU.Build.0 = Debug|Any CPU
		{48FD27A7-3614-4E41-B255-874DD41B702B}.Release|Any CPU.ActiveCfg = Release|Any CPU
		{48FD27A7-3614-4E41-B255-874DD41B702B}.Release|Any CPU.Build.0 = Release|Any CPU
	EndGlobalSection
	GlobalSection(SolutionProperties) = preSolution
		HideSolutionNode = FALSE
	EndGlobalSection
EndGlobal
